
Microsoft Visual Studio Solution File, Format Version 12.00
# Visual Studio Version 17
VisualStudioVersion = 17.0.31903.59
MinimumVisualStudioVersion = 10.0.40219.1
Project("{FAE04EC0-301F-11D3-BF4B-00C04F79EFBC}") = "Tabuada", "Tabuada\Tabuada.csproj", "{9C89C3A7-4BCE-46F5-99A4-0B22DACC63AE}"
EndProject
Project("{FAE04EC0-301F-11D3-BF4B-00C04F79EFBC}") = "BootcampDio.Common", "BootcampDio.Common\BootcampDio.Common.csproj", "{C10E7D4E-C443-4FED-AB4A-FCABA5BA2B79}"
EndProject
Project("{FAE04EC0-301F-11D3-BF4B-00C04F79EFBC}") = "ExemploTeste", "EXEMPLOTESTE\ExemploTeste.csproj", "{F4DB82E9-0435-4A4D-94ED-A08CC15C749D}"
EndProject
Global
	GlobalSection(SolutionProperties) = preSolution
		HideSolutionNode = FALSE
	EndGlobalSection
	GlobalSection(SolutionConfigurationPlatforms) = preSolution
		Debug|Any CPU = Debug|Any CPU
		Debug|x64 = Debug|x64
		Debug|x86 = Debug|x86
		Release|Any CPU = Release|Any CPU
		Release|x64 = Release|x64
		Release|x86 = Release|x86
	EndGlobalSection
	GlobalSection(ProjectConfigurationPlatforms) = postSolution
		{9C89C3A7-4BCE-46F5-99A4-0B22DACC63AE}.Debug|Any CPU.ActiveCfg = Debug|Any CPU
		{9C89C3A7-4BCE-46F5-99A4-0B22DACC63AE}.Debug|Any CPU.Build.0 = Debug|Any CPU
		{9C89C3A7-4BCE-46F5-99A4-0B22DACC63AE}.Debug|x64.ActiveCfg = Debug|Any CPU
		{9C89C3A7-4BCE-46F5-99A4-0B22DACC63AE}.Debug|x64.Build.0 = Debug|Any CPU
		{9C89C3A7-4BCE-46F5-99A4-0B22DACC63AE}.Debug|x86.ActiveCfg = Debug|Any CPU
		{9C89C3A7-4BCE-46F5-99A4-0B22DACC63AE}.Debug|x86.Build.0 = Debug|Any CPU
		{9C89C3A7-4BCE-46F5-99A4-0B22DACC63AE}.Release|Any CPU.ActiveCfg = Release|Any CPU
		{9C89C3A7-4BCE-46F5-99A4-0B22DACC63AE}.Release|Any CPU.Build.0 = Release|Any CPU
		{9C89C3A7-4BCE-46F5-99A4-0B22DACC63AE}.Release|x64.ActiveCfg = Release|Any CPU
		{9C89C3A7-4BCE-46F5-99A4-0B22DACC63AE}.Release|x64.Build.0 = Release|Any CPU
		{9C89C3A7-4BCE-46F5-99A4-0B22DACC63AE}.Release|x86.ActiveCfg = Release|Any CPU
		{9C89C3A7-4BCE-46F5-99A4-0B22DACC63AE}.Release|x86.Build.0 = Release|Any CPU
		{C10E7D4E-C443-4FED-AB4A-FCABA5BA2B79}.Debug|Any CPU.ActiveCfg = Debug|Any CPU
		{C10E7D4E-C443-4FED-AB4A-FCABA5BA2B79}.Debug|Any CPU.Build.0 = Debug|Any CPU
		{C10E7D4E-C443-4FED-AB4A-FCABA5BA2B79}.Debug|x64.ActiveCfg = Debug|Any CPU
		{C10E7D4E-C443-4FED-AB4A-FCABA5BA2B79}.Debug|x64.Build.0 = Debug|Any CPU
		{C10E7D4E-C443-4FED-AB4A-FCABA5BA2B79}.Debug|x86.ActiveCfg = Debug|Any CPU
		{C10E7D4E-C443-4FED-AB4A-FCABA5BA2B79}.Debug|x86.Build.0 = Debug|Any CPU
		{C10E7D4E-C443-4FED-AB4A-FCABA5BA2B79}.Release|Any CPU.ActiveCfg = Release|Any CPU
		{C10E7D4E-C443-4FED-AB4A-FCABA5BA2B79}.Release|Any CPU.Build.0 = Release|Any CPU
		{C10E7D4E-C443-4FED-AB4A-FCABA5BA2B79}.Release|x64.ActiveCfg = Release|Any CPU
		{C10E7D4E-C443-4FED-AB4A-FCABA5BA2B79}.Release|x64.Build.0 = Release|Any CPU
		{C10E7D4E-C443-4FED-AB4A-FCABA5BA2B79}.Release|x86.ActiveCfg = Release|Any CPU
		{C10E7D4E-C443-4FED-AB4A-FCABA5BA2B79}.Release|x86.Build.0 = Release|Any CPU
		{F4DB82E9-0435-4A4D-94ED-A08CC15C749D}.Debug|Any CPU.ActiveCfg = Debug|Any CPU
		{F4DB82E9-0435-4A4D-94ED-A08CC15C749D}.Debug|Any CPU.Build.0 = Debug|Any CPU
		{F4DB82E9-0435-4A4D-94ED-A08CC15C749D}.Debug|x64.ActiveCfg = Debug|Any CPU
		{F4DB82E9-0435-4A4D-94ED-A08CC15C749D}.Debug|x64.Build.0 = Debug|Any CPU
		{F4DB82E9-0435-4A4D-94ED-A08CC15C749D}.Debug|x86.ActiveCfg = Debug|Any CPU
		{F4DB82E9-0435-4A4D-94ED-A08CC15C749D}.Debug|x86.Build.0 = Debug|Any CPU
		{F4DB82E9-0435-4A4D-94ED-A08CC15C749D}.Release|Any CPU.ActiveCfg = Release|Any CPU
		{F4DB82E9-0435-4A4D-94ED-A08CC15C749D}.Release|Any CPU.Build.0 = Release|Any CPU
		{F4DB82E9-0435-4A4D-94ED-A08CC15C749D}.Release|x64.ActiveCfg = Release|Any CPU
		{F4DB82E9-0435-4A4D-94ED-A08CC15C749D}.Release|x64.Build.0 = Release|Any CPU
		{F4DB82E9-0435-4A4D-94ED-A08CC15C749D}.Release|x86.ActiveCfg = Release|Any CPU
		{F4DB82E9-0435-4A4D-94ED-A08CC15C749D}.Release|x86.Build.0 = Release|Any CPU
	EndGlobalSection
EndGlobal
